
Microsoft Visual Studio Solution File, Format Version 11.00
# Visual Studio 2010
Project("{8BC9CEB8-8B4A-11D0-8D11-00A0C91BC942}") = "K-Means", "K-Means\K-Means.vcxproj", "{44D4FE10-A41D-4A0D-920D-06DB5E4CC680}"
EndProject
Global
	GlobalSection(SolutionConfigurationPlatforms) = preSolution
		Debug|Win32 = Debug|Win32
		Release|Win32 = Release|Win32
	EndGlobalSection
	GlobalSection(ProjectConfigurationPlatforms) = postSolution
		{44D4FE10-A41D-4A0D-920D-06DB5E4CC680}.Debug|Win32.ActiveCfg = Debug|Win32
		{44D4FE10-A41D-4A0D-920D-06DB5E4CC680}.Debug|Win32.Build.0 = Debug|Win32
		{44D4FE10-A41D-4A0D-920D-06DB5E4CC680}.Release|Win32.ActiveCfg = Release|Win32
		{44D4FE10-A41D-4A0D-920D-06DB5E4CC680}.Release|Win32.Build.0 = Release|Win32
	EndGlobalSection
	GlobalSection(SolutionProperties) = preSolution
		HideSolutionNode = FALSE
	EndGlobalSection
EndGlobal
